
Microsoft Visual Studio Solution File, Format Version 12.00
# Visual Studio Version 17
VisualStudioVersion = 17.4.33213.308
MinimumVisualStudioVersion = 10.0.40219.1
Project("{FAE04EC0-301F-11D3-BF4B-00C04F79EFBC}") = "Personel_kAYİT", "Personel_kAYİT\Personel_kAYİT.csproj", "{E4C2D317-86D3-4706-AC01-5CF8C630749B}"
EndProject
Global
	GlobalSection(SolutionConfigurationPlatforms) = preSolution
		Debug|Any CPU = Debug|Any CPU
		Release|Any CPU = Release|Any CPU
	EndGlobalSection
	GlobalSection(ProjectConfigurationPlatforms) = postSolution
		{E4C2D317-86D3-4706-AC01-5CF8C630749B}.Debug|Any CPU.ActiveCfg = Debug|Any CPU
		{E4C2D317-86D3-4706-AC01-5CF8C630749B}.Debug|Any CPU.Build.0 = Debug|Any CPU
		{E4C2D317-86D3-4706-AC01-5CF8C630749B}.Release|Any CPU.ActiveCfg = Release|Any CPU
		{E4C2D317-86D3-4706-AC01-5CF8C630749B}.Release|Any CPU.Build.0 = Release|Any CPU
	EndGlobalSection
	GlobalSection(SolutionProperties) = preSolution
		HideSolutionNode = FALSE
	EndGlobalSection
	GlobalSection(ExtensibilityGlobals) = postSolution
		SolutionGuid = {35B9858B-7D9E-4C0E-9798-CA0FF540B3B1}
	EndGlobalSection
EndGlobal
